{
  "name": "mc-server-status",
  "version": "0.2.1",
  "lockfileVersion": 1,
  "requires": true,
  "dependencies": {
    "@types/node": {
      "version": "10.14.14",
      "resolved": "https://registry.npmjs.org/@types/node/-/node-10.14.14.tgz",
      "integrity": "sha512-xXD08vZsvpv4xptQXj1+ky22f7ZoKu5ZNI/4l+/BXG3X+XaeZsmaFbbTKuhSE3NjjvRuZFxFf9sQBMXIcZNFMQ==",
      "dev": true
    },
    "mc-chat-format": {
      "version": "1.2.0",
      "resolved": "https://registry.npmjs.org/mc-chat-format/-/mc-chat-format-1.2.0.tgz",
      "integrity": "sha512-+aIILsv5qy05EddmVJQ5P/+OGm2H2MBQ3UgV93v370v5lXN/HDyTrCmh9RnjJg/gl/orUw3ILyJp+LdVQpiPJQ=="
    },
    "mcproto": {
      "version": "0.7.0",
      "resolved": "https://registry.npmjs.org/mcproto/-/mcproto-0.7.0.tgz",
      "integrity": "sha512-CdgQk31bG9DXqaYQG5CjeBYsvUGhi0RI9T/co46FNLb61+dPtCJZhM9L3rIIYzmEN0kPdorr7llqVl/IAkJV+Q==",
      "requires": {
        "node-fetch": "^2.6.0"
      }
    },
    "node-fetch": {
      "version": "2.6.0",
      "resolved": "https://registry.npmjs.org/node-fetch/-/node-fetch-2.6.0.tgz",
      "integrity": "sha512-8dG4H5ujfvFiqDmVu9fQ5bOHUC15JMjMY/Zumv26oOvvVJjM67KF8koCWIabKQ1GJIa9r2mMZscBq/TbdOcmNA=="
    },
    "typescript": {
      "version": "3.5.3",
      "resolved": "https://registry.npmjs.org/typescript/-/typescript-3.5.3.tgz",
      "integrity": "sha512-ACzBtm/PhXBDId6a6sDJfroT2pOWt/oOnk4/dElG5G33ZL776N3Y6/6bKZJBFpd+b05F3Ct9qDjMeJmRWtE2/g==",
      "dev": true
    }
  }
}
